// !$*UTF8*$!
{
	archiveVersion = 1;
	classes = {
	};
	objectVersion = 56;
	objects = {

/* Begin PBXBuildFile section */
		2BAC78112987867E001D5639 /* AppModel+CLLocationManagerDelegate.swift in Sources */ = {isa = PBXBuildFile; fileRef = 2BAC78102987867E001D5639 /* AppModel+CLLocationManagerDelegate.swift */; };
		2BAC7813298786AE001D5639 /* AppModel+PredefineLocations.swift in Sources */ = {isa = PBXBuildFile; fileRef = 2BAC7812298786AE001D5639 /* AppModel+PredefineLocations.swift */; };
		2BAC7815298786EB001D5639 /* AppModel+UNUserNotificationCenterDelegate.swift in Sources */ = {isa = PBXBuildFile; fileRef = 2BAC7814298786EB001D5639 /* AppModel+UNUserNotificationCenterDelegate.swift */; };
		2BAC781929878773001D5639 /* CLLocationCoordinate2D+Utils.swift in Sources */ = {isa = PBXBuildFile; fileRef = 2BAC781829878773001D5639 /* CLLocationCoordinate2D+Utils.swift */; };
		2BAC781B29878780001D5639 /* CLCircularRegion+Utils.swift in Sources */ = {isa = PBXBuildFile; fileRef = 2BAC781A29878780001D5639 /* CLCircularRegion+Utils.swift */; };
		F3434902297251AD00E5FE3F /* App.swift in Sources */ = {isa = PBXBuildFile; fileRef = F3434901297251AD00E5FE3F /* App.swift */; };
		F3434904297251AD00E5FE3F /* Persistence.swift in Sources */ = {isa = PBXBuildFile; fileRef = F3434903297251AD00E5FE3F /* Persistence.swift */; };
		F3434907297251AD00E5FE3F /* LocationReminder.xcdatamodeld in Sources */ = {isa = PBXBuildFile; fileRef = F3434905297251AD00E5FE3F /* LocationReminder.xcdatamodeld */; };
		F3434909297251AD00E5FE3F /* ContentView.swift in Sources */ = {isa = PBXBuildFile; fileRef = F3434908297251AD00E5FE3F /* ContentView.swift */; };
		F343490B297251AE00E5FE3F /* Assets.xcassets in Resources */ = {isa = PBXBuildFile; fileRef = F343490A297251AE00E5FE3F /* Assets.xcassets */; };
		F343490F297251AE00E5FE3F /* Preview Assets.xcassets in Resources */ = {isa = PBXBuildFile; fileRef = F343490E297251AE00E5FE3F /* Preview Assets.xcassets */; };
		F34349162972525D00E5FE3F /* MapPage.swift in Sources */ = {isa = PBXBuildFile; fileRef = F34349152972525D00E5FE3F /* MapPage.swift */; };
		F34349192972604200E5FE3F /* AppModel.swift in Sources */ = {isa = PBXBuildFile; fileRef = F34349182972604200E5FE3F /* AppModel.swift */; };
		F3A64FEE297297AC00F34730 /* MapView.swift in Sources */ = {isa = PBXBuildFile; fileRef = F3A64FED297297AC00F34730 /* MapView.swift */; };
/* End PBXBuildFile section */

/* Begin PBXFileReference section */
		2BAC780E29878203001D5639 /* Home.gpx */ = {isa = PBXFileReference; lastKnownFileType = text.xml; path = Home.gpx; sourceTree = "<group>"; };
		2BAC78102987867E001D5639 /* AppModel+CLLocationManagerDelegate.swift */ = {isa = PBXFileReference; lastKnownFileType = sourcecode.swift; path = "AppModel+CLLocationManagerDelegate.swift"; sourceTree = "<group>"; };
		2BAC7812298786AE001D5639 /* AppModel+PredefineLocations.swift */ = {isa = PBXFileReference; lastKnownFileType = sourcecode.swift; path = "AppModel+PredefineLocations.swift"; sourceTree = "<group>"; };
		2BAC7814298786EB001D5639 /* AppModel+UNUserNotificationCenterDelegate.swift */ = {isa = PBXFileReference; lastKnownFileType = sourcecode.swift; path = "AppModel+UNUserNotificationCenterDelegate.swift"; sourceTree = "<group>"; };
		2BAC781829878773001D5639 /* CLLocationCoordinate2D+Utils.swift */ = {isa = PBXFileReference; lastKnownFileType = sourcecode.swift; path = "CLLocationCoordinate2D+Utils.swift"; sourceTree = "<group>"; };
		2BAC781A29878780001D5639 /* CLCircularRegion+Utils.swift */ = {isa = PBXFileReference; lastKnownFileType = sourcecode.swift; path = "CLCircularRegion+Utils.swift"; sourceTree = "<group>"; };
		2BAC846D2988DAFB001D5639 /* Company.gpx */ = {isa = PBXFileReference; lastKnownFileType = text.xml; path = Company.gpx; sourceTree = "<group>"; };
		F34348FE297251AD00E5FE3F /* LocationReminder.app */ = {isa = PBXFileReference; explicitFileType = wrapper.application; includeInIndex = 0; path = LocationReminder.app; sourceTree = BUILT_PRODUCTS_DIR; };
		F3434901297251AD00E5FE3F /* App.swift */ = {isa = PBXFileReference; lastKnownFileType = sourcecode.swift; path = App.swift; sourceTree = "<group>"; };
		F3434903297251AD00E5FE3F /* Persistence.swift */ = {isa = PBXFileReference; lastKnownFileType = sourcecode.swift; path = Persistence.swift; sourceTree = "<group>"; };
		F3434906297251AD00E5FE3F /* LocationReminder.xcdatamodel */ = {isa = PBXFileReference; lastKnownFileType = wrapper.xcdatamodel; path = LocationReminder.xcdatamodel; sourceTree = "<group>"; };
		F3434908297251AD00E5FE3F /* ContentView.swift */ = {isa = PBXFileReference; lastKnownFileType = sourcecode.swift; path = ContentView.swift; sourceTree = "<group>"; };
		F343490A297251AE00E5FE3F /* Assets.xcassets */ = {isa = PBXFileReference; lastKnownFileType = folder.assetcatalog; path = Assets.xcassets; sourceTree = "<group>"; };
		F343490C297251AE00E5FE3F /* LocationReminder.entitlements */ = {isa = PBXFileReference; lastKnownFileType = text.plist.entitlements; path = LocationReminder.entitlements; sourceTree = "<group>"; };
		F343490E297251AE00E5FE3F /* Preview Assets.xcassets */ = {isa = PBXFileReference; lastKnownFileType = folder.assetcatalog; path = "Preview Assets.xcassets"; sourceTree = "<group>"; };
		F34349152972525D00E5FE3F /* MapPage.swift */ = {isa = PBXFileReference; lastKnownFileType = sourcecode.swift; path = MapPage.swift; sourceTree = "<group>"; };
		F3434917297257B400E5FE3F /* Info.plist */ = {isa = PBXFileReference; lastKnownFileType = text.plist; path = Info.plist; sourceTree = "<group>"; };
		F34349182972604200E5FE3F /* AppModel.swift */ = {isa = PBXFileReference; lastKnownFileType = sourcecode.swift; path = AppModel.swift; sourceTree = "<group>"; };
		F3A64FED297297AC00F34730 /* MapView.swift */ = {isa = PBXFileReference; lastKnownFileType = sourcecode.swift; path = MapView.swift; sourceTree = "<group>"; };
/* End PBXFileReference section */

/* Begin PBXFrameworksBuildPhase section */
		F34348FB297251AD00E5FE3F /* Frameworks */ = {
			isa = PBXFrameworksBuildPhase;
			buildActionMask = 2147483647;
			files = (
			);
			runOnlyForDeploymentPostprocessing = 0;
		};
/* End PBXFrameworksBuildPhase section */

/* Begin PBXGroup section */
		2BAC781629878712001D5639 /* Models */ = {
			isa = PBXGroup;
			children = (
				F34349182972604200E5FE3F /* AppModel.swift */,
				2BAC78102987867E001D5639 /* AppModel+CLLocationManagerDelegate.swift */,
				2BAC7812298786AE001D5639 /* AppModel+PredefineLocations.swift */,
				2BAC7814298786EB001D5639 /* AppModel+UNUserNotificationCenterDelegate.swift */,
			);
			path = Models;
			sourceTree = "<group>";
		};
		2BAC781729878727001D5639 /* Views */ = {
			isa = PBXGroup;
			children = (
				F34349152972525D00E5FE3F /* MapPage.swift */,
				F3A64FED297297AC00F34730 /* MapView.swift */,
			);
			path = Views;
			sourceTree = "<group>";
		};
		2BAC781C29878784001D5639 /* Utils */ = {
			isa = PBXGroup;
			children = (
				2BAC781A29878780001D5639 /* CLCircularRegion+Utils.swift */,
				2BAC781829878773001D5639 /* CLLocationCoordinate2D+Utils.swift */,
			);
			path = Utils;
			sourceTree = "<group>";
		};
		2BAC846C2988DAED001D5639 /* TestLocations */ = {
			isa = PBXGroup;
			children = (
				2BAC780E29878203001D5639 /* Home.gpx */,
				2BAC846D2988DAFB001D5639 /* Company.gpx */,
			);
			path = TestLocations;
			sourceTree = "<group>";
		};
		F34348F5297251AD00E5FE3F = {
			isa = PBXGroup;
			children = (
				F3434900297251AD00E5FE3F /* LocationReminder */,
				F34348FF297251AD00E5FE3F /* Products */,
			);
			sourceTree = "<group>";
		};
		F34348FF297251AD00E5FE3F /* Products */ = {
			isa = PBXGroup;
			children = (
				F34348FE297251AD00E5FE3F /* LocationReminder.app */,
			);
			name = Products;
			sourceTree = "<group>";
		};
		F3434900297251AD00E5FE3F /* LocationReminder */ = {
			isa = PBXGroup;
			children = (
				F3434901297251AD00E5FE3F /* App.swift */,
				2BAC781629878712001D5639 /* Models */,
				2BAC781729878727001D5639 /* Views */,
				2BAC781C29878784001D5639 /* Utils */,
				F343490A297251AE00E5FE3F /* Assets.xcassets */,
				F3434917297257B400E5FE3F /* Info.plist */,
				F343490C297251AE00E5FE3F /* LocationReminder.entitlements */,
				F3434905297251AD00E5FE3F /* LocationReminder.xcdatamodeld */,
				F3434908297251AD00E5FE3F /* ContentView.swift */,
				F3434903297251AD00E5FE3F /* Persistence.swift */,
				2BAC846C2988DAED001D5639 /* TestLocations */,
				F343490D297251AE00E5FE3F /* Preview Content */,
			);
			path = LocationReminder;
			sourceTree = "<group>";
		};
		F343490D297251AE00E5FE3F /* Preview Content */ = {
			isa = PBXGroup;
			children = (
				F343490E297251AE00E5FE3F /* Preview Assets.xcassets */,
			);
			path = "Preview Content";
			sourceTree = "<group>";
		};
/* End PBXGroup section */

/* Begin PBXNativeTarget section */
		F34348FD297251AD00E5FE3F /* LocationReminder */ = {
			isa = PBXNativeTarget;
			buildConfigurationList = F3434912297251AE00E5FE3F /* Build configuration list for PBXNativeTarget "LocationReminder" */;
			buildPhases = (
				F34348FA297251AD00E5FE3F /* Sources */,
				F34348FB297251AD00E5FE3F /* Frameworks */,
				F34348FC297251AD00E5FE3F /* Resources */,
			);
			buildRules = (
			);
			dependencies = (
			);
			name = LocationReminder;
			productName = LocationReminder;
			productReference = F34348FE297251AD00E5FE3F /* LocationReminder.app */;
			productType = "com.apple.product-type.application";
		};
/* End PBXNativeTarget section */

/* Begin PBXProject section */
		F34348F6297251AD00E5FE3F /* Project object */ = {
			isa = PBXProject;
			attributes = {
				BuildIndependentTargetsInParallel = 1;
				LastSwiftUpdateCheck = 1410;
				LastUpgradeCheck = 1420;
				TargetAttributes = {
					F34348FD297251AD00E5FE3F = {
						CreatedOnToolsVersion = 14.1;
					};
				};
			};
			buildConfigurationList = F34348F9297251AD00E5FE3F /* Build configuration list for PBXProject "LocationReminder" */;
			compatibilityVersion = "Xcode 14.0";
			developmentRegion = en;
			hasScannedForEncodings = 0;
			knownRegions = (
				en,
				Base,
			);
			mainGroup = F34348F5297251AD00E5FE3F;
			productRefGroup = F34348FF297251AD00E5FE3F /* Products */;
			projectDirPath = "";
			projectRoot = "";
			targets = (
				F34348FD297251AD00E5FE3F /* LocationReminder */,
			);
		};
/* End PBXProject section */

/* Begin PBXResourcesBuildPhase section */
		F34348FC297251AD00E5FE3F /* Resources */ = {
			isa = PBXResourcesBuildPhase;
			buildActionMask = 2147483647;
			files = (
				F343490F297251AE00E5FE3F /* Preview Assets.xcassets in Resources */,
				F343490B297251AE00E5FE3F /* Assets.xcassets in Resources */,
			);
			runOnlyForDeploymentPostprocessing = 0;
		};
/* End PBXResourcesBuildPhase section */

/* Begin PBXSourcesBuildPhase section */
		F34348FA297251AD00E5FE3F /* Sources */ = {
			isa = PBXSourcesBuildPhase;
			buildActionMask = 2147483647;
			files = (
				F3434902297251AD00E5FE3F /* App.swift in Sources */,
				F3A64FEE297297AC00F34730 /* MapView.swift in Sources */,
				F34349192972604200E5FE3F /* AppModel.swift in Sources */,
				F3434904297251AD00E5FE3F /* Persistence.swift in Sources */,
				2BAC7815298786EB001D5639 /* AppModel+UNUserNotificationCenterDelegate.swift in Sources */,
				F3434909297251AD00E5FE3F /* ContentView.swift in Sources */,
				2BAC781929878773001D5639 /* CLLocationCoordinate2D+Utils.swift in Sources */,
				F34349162972525D00E5FE3F /* MapPage.swift in Sources */,
				2BAC78112987867E001D5639 /* AppModel+CLLocationManagerDelegate.swift in Sources */,
				F3434907297251AD00E5FE3F /* LocationReminder.xcdatamodeld in Sources */,
				2BAC7813298786AE001D5639 /* AppModel+PredefineLocations.swift in Sources */,
				2BAC781B29878780001D5639 /* CLCircularRegion+Utils.swift in Sources */,
			);
			runOnlyForDeploymentPostprocessing = 0;
		};
/* End PBXSourcesBuildPhase section */

/* Begin XCBuildConfiguration section */
		F3434910297251AE00E5FE3F /* Debug */ = {
			isa = XCBuildConfiguration;
			buildSettings = {
				ALWAYS_SEARCH_USER_PATHS = NO;
				CLANG_ANALYZER_NONNULL = YES;
				CLANG_ANALYZER_NUMBER_OBJECT_CONVERSION = YES_AGGRESSIVE;
				CLANG_CXX_LANGUAGE_STANDARD = "gnu++20";
				CLANG_ENABLE_MODULES = YES;
				CLANG_ENABLE_OBJC_ARC = YES;
				CLANG_ENABLE_OBJC_WEAK = YES;
				CLANG_WARN_BLOCK_CAPTURE_AUTORELEASING = YES;
				CLANG_WARN_BOOL_CONVERSION = YES;
				CLANG_WARN_COMMA = YES;
				CLANG_WARN_CONSTANT_CONVERSION = YES;
				CLANG_WARN_DEPRECATED_OBJC_IMPLEMENTATIONS = YES;
				CLANG_WARN_DIRECT_OBJC_ISA_USAGE = YES_ERROR;
				CLANG_WARN_DOCUMENTATION_COMMENTS = YES;
				CLANG_WARN_EMPTY_BODY = YES;
				CLANG_WARN_ENUM_CONVERSION = YES;
				CLANG_WARN_INFINITE_RECURSION = YES;
				CLANG_WARN_INT_CONVERSION = YES;
				CLANG_WARN_NON_LITERAL_NULL_CONVERSION = YES;
				CLANG_WARN_OBJC_IMPLICIT_RETAIN_SELF = YES;
				CLANG_WARN_OBJC_LITERAL_CONVERSION = YES;
				CLANG_WARN_OBJC_ROOT_CLASS = YES_ERROR;
				CLANG_WARN_QUOTED_INCLUDE_IN_FRAMEWORK_HEADER = YES;
				CLANG_WARN_RANGE_LOOP_ANALYSIS = YES;
				CLANG_WARN_STRICT_PROTOTYPES = YES;
				CLANG_WARN_SUSPICIOUS_MOVE = YES;
				CLANG_WARN_UNGUARDED_AVAILABILITY = YES_AGGRESSIVE;
				CLANG_WARN_UNREACHABLE_CODE = YES;
				CLANG_WARN__DUPLICATE_METHOD_MATCH = YES;
				COPY_PHASE_STRIP = NO;
				DEAD_CODE_STRIPPING = YES;
				DEBUG_INFORMATION_FORMAT = dwarf;
				ENABLE_STRICT_OBJC_MSGSEND = YES;
				ENABLE_TESTABILITY = YES;
				GCC_C_LANGUAGE_STANDARD = gnu11;
				GCC_DYNAMIC_NO_PIC = NO;
				GCC_NO_COMMON_BLOCKS = YES;
				GCC_OPTIMIZATION_LEVEL = 0;
				GCC_PREPROCESSOR_DEFINITIONS = (
					"DEBUG=1",
					"$(inherited)",
				);
				GCC_WARN_64_TO_32_BIT_CONVERSION = YES;
				GCC_WARN_ABOUT_RETURN_TYPE = YES_ERROR;
				GCC_WARN_UNDECLARED_SELECTOR = YES;
				GCC_WARN_UNINITIALIZED_AUTOS = YES_AGGRESSIVE;
				GCC_WARN_UNUSED_FUNCTION = YES;
				GCC_WARN_UNUSED_VARIABLE = YES;
				MTL_ENABLE_DEBUG_INFO = INCLUDE_SOURCE;
				MTL_FAST_MATH = YES;
				ONLY_ACTIVE_ARCH = YES;
				SWIFT_ACTIVE_COMPILATION_CONDITIONS = DEBUG;
				SWIFT_OPTIMIZATION_LEVEL = "-Onone";
			};
			name = Debug;
		};
		F3434911297251AE00E5FE3F /* Release */ = {
			isa = XCBuildConfiguration;
			buildSettings = {
				ALWAYS_SEARCH_USER_PATHS = NO;
				CLANG_ANALYZER_NONNULL = YES;
				CLANG_ANALYZER_NUMBER_OBJECT_CONVERSION = YES_AGGRESSIVE;
				CLANG_CXX_LANGUAGE_STANDARD = "gnu++20";
				CLANG_ENABLE_MODULES = YES;
				CLANG_ENABLE_OBJC_ARC = YES;
				CLANG_ENABLE_OBJC_WEAK = YES;
				CLANG_WARN_BLOCK_CAPTURE_AUTORELEASING = YES;
				CLANG_WARN_BOOL_CONVERSION = YES;
				CLANG_WARN_COMMA = YES;
				CLANG_WARN_CONSTANT_CONVERSION = YES;
				CLANG_WARN_DEPRECATED_OBJC_IMPLEMENTATIONS = YES;
				CLANG_WARN_DIRECT_OBJC_ISA_USAGE = YES_ERROR;
				CLANG_WARN_DOCUMENTATION_COMMENTS = YES;
				CLANG_WARN_EMPTY_BODY = YES;
				CLANG_WARN_ENUM_CONVERSION = YES;
				CLANG_WARN_INFINITE_RECURSION = YES;
				CLANG_WARN_INT_CONVERSION = YES;
				CLANG_WARN_NON_LITERAL_NULL_CONVERSION = YES;
				CLANG_WARN_OBJC_IMPLICIT_RETAIN_SELF = YES;
				CLANG_WARN_OBJC_LITERAL_CONVERSION = YES;
				CLANG_WARN_OBJC_ROOT_CLASS = YES_ERROR;
				CLANG_WARN_QUOTED_INCLUDE_IN_FRAMEWORK_HEADER = YES;
				CLANG_WARN_RANGE_LOOP_ANALYSIS = YES;
				CLANG_WARN_STRICT_PROTOTYPES = YES;
				CLANG_WARN_SUSPICIOUS_MOVE = YES;
				CLANG_WARN_UNGUARDED_AVAILABILITY = YES_AGGRESSIVE;
				CLANG_WARN_UNREACHABLE_CODE = YES;
				CLANG_WARN__DUPLICATE_METHOD_MATCH = YES;
				COPY_PHASE_STRIP = NO;
				DEAD_CODE_STRIPPING = YES;
				DEBUG_INFORMATION_FORMAT = "dwarf-with-dsym";
				ENABLE_NS_ASSERTIONS = NO;
				ENABLE_STRICT_OBJC_MSGSEND = YES;
				GCC_C_LANGUAGE_STANDARD = gnu11;
				GCC_NO_COMMON_BLOCKS = YES;
				GCC_WARN_64_TO_32_BIT_CONVERSION = YES;
				GCC_WARN_ABOUT_RETURN_TYPE = YES_ERROR;
				GCC_WARN_UNDECLARED_SELECTOR = YES;
				GCC_WARN_UNINITIALIZED_AUTOS = YES_AGGRESSIVE;
				GCC_WARN_UNUSED_FUNCTION = YES;
				GCC_WARN_UNUSED_VARIABLE = YES;
				MTL_ENABLE_DEBUG_INFO = NO;
				MTL_FAST_MATH = YES;
				SWIFT_COMPILATION_MODE = wholemodule;
				SWIFT_OPTIMIZATION_LEVEL = "-O";
			};
			name = Release;
		};
		F3434913297251AE00E5FE3F /* Debug */ = {
			isa = XCBuildConfiguration;
			buildSettings = {
				ASSETCATALOG_COMPILER_APPICON_NAME = AppIcon;
				ASSETCATALOG_COMPILER_GLOBAL_ACCENT_COLOR_NAME = AccentColor;
				ASSETCATALOG_COMPILER_INCLUDE_ALL_APPICON_ASSETS = NO;
				CODE_SIGN_ENTITLEMENTS = LocationReminder/LocationReminder.entitlements;
				CODE_SIGN_IDENTITY = "-";
				"CODE_SIGN_IDENTITY[sdk=iphoneos*]" = "Apple Development";
				"CODE_SIGN_IDENTITY[sdk=macosx*]" = "Apple Development";
				CODE_SIGN_STYLE = Automatic;
				CURRENT_PROJECT_VERSION = 1;
				DEAD_CODE_STRIPPING = YES;
				DEVELOPMENT_ASSET_PATHS = "\"LocationReminder/Preview Content\"";
				DEVELOPMENT_TEAM = 2N62934Y28;
				ENABLE_HARDENED_RUNTIME = YES;
				ENABLE_PREVIEWS = YES;
				GENERATE_INFOPLIST_FILE = YES;
				INFOPLIST_FILE = LocationReminder/Info.plist;
				INFOPLIST_KEY_LSApplicationCategoryType = "public.app-category.utilities";
				INFOPLIST_KEY_LSSupportsOpeningDocumentsInPlace = NO;
				INFOPLIST_KEY_NSLocationAlwaysAndWhenInUseUsageDescription = "获取地理位置信息";
				INFOPLIST_KEY_NSLocationAlwaysUsageDescription = "一直获取地理位置信息，无论应用是否在使用";
				INFOPLIST_KEY_NSLocationWhenInUseUsageDescription = "仅在应用使用时获取地理位置信息";
				"INFOPLIST_KEY_UIApplicationSceneManifest_Generation[sdk=iphoneos*]" = YES;
				"INFOPLIST_KEY_UIApplicationSceneManifest_Generation[sdk=iphonesimulator*]" = YES;
				"INFOPLIST_KEY_UIApplicationSupportsIndirectInputEvents[sdk=iphoneos*]" = YES;
				"INFOPLIST_KEY_UIApplicationSupportsIndirectInputEvents[sdk=iphonesimulator*]" = YES;
				"INFOPLIST_KEY_UILaunchScreen_Generation[sdk=iphoneos*]" = YES;
				"INFOPLIST_KEY_UILaunchScreen_Generation[sdk=iphonesimulator*]" = YES;
				INFOPLIST_KEY_UIRequiredDeviceCapabilities = gps;
				INFOPLIST_KEY_UIStatusBarHidden = YES;
				"INFOPLIST_KEY_UIStatusBarStyle[sdk=iphoneos*]" = UIStatusBarStyleDefault;
				"INFOPLIST_KEY_UIStatusBarStyle[sdk=iphonesimulator*]" = UIStatusBarStyleDefault;
				INFOPLIST_KEY_UISupportedInterfaceOrientations = UIInterfaceOrientationPortrait;
				INFOPLIST_KEY_UISupportedInterfaceOrientations_iPad = "UIInterfaceOrientationLandscapeLeft UIInterfaceOrientationLandscapeRight UIInterfaceOrientationPortrait UIInterfaceOrientationPortraitUpsideDown";
				INFOPLIST_KEY_UISupportsDocumentBrowser = NO;
				IPHONEOS_DEPLOYMENT_TARGET = 15.0;
				LD_RUNPATH_SEARCH_PATHS = "@executable_path/Frameworks";
				"LD_RUNPATH_SEARCH_PATHS[sdk=macosx*]" = "@executable_path/../Frameworks";
				MACOSX_DEPLOYMENT_TARGET = 13.0;
				MARKETING_VERSION = 1.0;
				PRODUCT_BUNDLE_IDENTIFIER = com.joker.LocationReminder;
				PRODUCT_NAME = "$(TARGET_NAME)";
				SDKROOT = auto;
				SUPPORTED_PLATFORMS = "iphoneos iphonesimulator";
				SUPPORTS_MACCATALYST = NO;
				SUPPORTS_MAC_DESIGNED_FOR_IPHONE_IPAD = NO;
				SWIFT_EMIT_LOC_STRINGS = YES;
				SWIFT_VERSION = 5.0;
				TARGETED_DEVICE_FAMILY = 1;
			};
			name = Debug;
		};
		F3434914297251AE00E5FE3F /* Release */ = {
			isa = XCBuildConfiguration;
			buildSettings = {
				ASSETCATALOG_COMPILER_APPICON_NAME = AppIcon;
				ASSETCATALOG_COMPILER_GLOBAL_ACCENT_COLOR_NAME = AccentColor;
				ASSETCATALOG_COMPILER_INCLUDE_ALL_APPICON_ASSETS = NO;
				CODE_SIGN_ENTITLEMENTS = LocationReminder/LocationReminder.entitlements;
				CODE_SIGN_IDENTITY = "-";
				"CODE_SIGN_IDENTITY[sdk=iphoneos*]" = "Apple Development";
				"CODE_SIGN_IDENTITY[sdk=macosx*]" = "Apple Development";
				CODE_SIGN_STYLE = Automatic;
				CURRENT_PROJECT_VERSION = 1;
				DEAD_CODE_STRIPPING = YES;
				DEVELOPMENT_ASSET_PATHS = "\"LocationReminder/Preview Content\"";
				DEVELOPMENT_TEAM = 2N62934Y28;
				ENABLE_HARDENED_RUNTIME = YES;
				ENABLE_PREVIEWS = YES;
				GENERATE_INFOPLIST_FILE = YES;
				INFOPLIST_FILE = LocationReminder/Info.plist;
				INFOPLIST_KEY_LSApplicationCategoryType = "public.app-category.utilities";
				INFOPLIST_KEY_LSSupportsOpeningDocumentsInPlace = NO;
				INFOPLIST_KEY_NSLocationAlwaysAndWhenInUseUsageDescription = "获取地理位置信息";
				INFOPLIST_KEY_NSLocationAlwaysUsageDescription = "一直获取地理位置信息，无论应用是否在使用";
				INFOPLIST_KEY_NSLocationWhenInUseUsageDescription = "仅在应用使用时获取地理位置信息";
				"INFOPLIST_KEY_UIApplicationSceneManifest_Generation[sdk=iphoneos*]" = YES;
				"INFOPLIST_KEY_UIApplicationSceneManifest_Generation[sdk=iphonesimulator*]" = YES;
				"INFOPLIST_KEY_UIApplicationSupportsIndirectInputEvents[sdk=iphoneos*]" = YES;
				"INFOPLIST_KEY_UIApplicationSupportsIndirectInputEvents[sdk=iphonesimulator*]" = YES;
				"INFOPLIST_KEY_UILaunchScreen_Generation[sdk=iphoneos*]" = YES;
				"INFOPLIST_KEY_UILaunchScreen_Generation[sdk=iphonesimulator*]" = YES;
				INFOPLIST_KEY_UIRequiredDeviceCapabilities = gps;
				INFOPLIST_KEY_UIStatusBarHidden = YES;
				"INFOPLIST_KEY_UIStatusBarStyle[sdk=iphoneos*]" = UIStatusBarStyleDefault;
				"INFOPLIST_KEY_UIStatusBarStyle[sdk=iphonesimulator*]" = UIStatusBarStyleDefault;
				INFOPLIST_KEY_UISupportedInterfaceOrientations = UIInterfaceOrientationPortrait;
				INFOPLIST_KEY_UISupportedInterfaceOrientations_iPad = "UIInterfaceOrientationLandscapeLeft UIInterfaceOrientationLandscapeRight UIInterfaceOrientationPortrait UIInterfaceOrientationPortraitUpsideDown";
				INFOPLIST_KEY_UISupportsDocumentBrowser = NO;
				IPHONEOS_DEPLOYMENT_TARGET = 15.0;
				LD_RUNPATH_SEARCH_PATHS = "@executable_path/Frameworks";
				"LD_RUNPATH_SEARCH_PATHS[sdk=macosx*]" = "@executable_path/../Frameworks";
				MACOSX_DEPLOYMENT_TARGET = 13.0;
				MARKETING_VERSION = 1.0;
				PRODUCT_BUNDLE_IDENTIFIER = com.joker.LocationReminder;
				PRODUCT_NAME = "$(TARGET_NAME)";
				SDKROOT = auto;
				SUPPORTED_PLATFORMS = "iphoneos iphonesimulator";
				SUPPORTS_MACCATALYST = NO;
				SUPPORTS_MAC_DESIGNED_FOR_IPHONE_IPAD = NO;
				SWIFT_EMIT_LOC_STRINGS = YES;
				SWIFT_VERSION = 5.0;
				TARGETED_DEVICE_FAMILY = 1;
			};
			name = Release;
		};
/* End XCBuildConfiguration section */

/* Begin XCConfigurationList section */
		F34348F9297251AD00E5FE3F /* Build configuration list for PBXProject "LocationReminder" */ = {
			isa = XCConfigurationList;
			buildConfigurations = (
				F3434910297251AE00E5FE3F /* Debug */,
				F3434911297251AE00E5FE3F /* Release */,
			);
			defaultConfigurationIsVisible = 0;
			defaultConfigurationName = Release;
		};
		F3434912297251AE00E5FE3F /* Build configuration list for PBXNativeTarget "LocationReminder" */ = {
			isa = XCConfigurationList;
			buildConfigurations = (
				F3434913297251AE00E5FE3F /* Debug */,
				F3434914297251AE00E5FE3F /* Release */,
			);
			defaultConfigurationIsVisible = 0;
			defaultConfigurationName = Release;
		};
/* End XCConfigurationList section */

/* Begin XCVersionGroup section */
		F3434905297251AD00E5FE3F /* LocationReminder.xcdatamodeld */ = {
			isa = XCVersionGroup;
			children = (
				F3434906297251AD00E5FE3F /* LocationReminder.xcdatamodel */,
			);
			currentVersion = F3434906297251AD00E5FE3F /* LocationReminder.xcdatamodel */;
			path = LocationReminder.xcdatamodeld;
			sourceTree = "<group>";
			versionGroupType = wrapper.xcdatamodel;
		};
/* End XCVersionGroup section */
	};
	rootObject = F34348F6297251AD00E5FE3F /* Project object */;
}
